
Microsoft Visual Studio Solution File, Format Version 12.00
# Visual Studio Version 16
VisualStudioVersion = 16.0.30011.22
MinimumVisualStudioVersion = 10.0.40219.1
Project("{FAE04EC0-301F-11D3-BF4B-00C04F79EFBC}") = "PersonaBlazorApp", "PersonaBlazorApp\PersonaBlazorApp.csproj", "{BBFE02CB-B9ED-4BC0-9760-A1F403AC933F}"
EndProject
Global
	GlobalSection(SolutionConfigurationPlatforms) = preSolution
		Debug|Any CPU = Debug|Any CPU
		Release|Any CPU = Release|Any CPU
	EndGlobalSection
	GlobalSection(ProjectConfigurationPlatforms) = postSolution
		{BBFE02CB-B9ED-4BC0-9760-A1F403AC933F}.Debug|Any CPU.ActiveCfg = Debug|Any CPU
		{BBFE02CB-B9ED-4BC0-9760-A1F403AC933F}.Debug|Any CPU.Build.0 = Debug|Any CPU
		{BBFE02CB-B9ED-4BC0-9760-A1F403AC933F}.Release|Any CPU.ActiveCfg = Release|Any CPU
		{BBFE02CB-B9ED-4BC0-9760-A1F403AC933F}.Release|Any CPU.Build.0 = Release|Any CPU
	EndGlobalSection
	GlobalSection(SolutionProperties) = preSolution
		HideSolutionNode = FALSE
	EndGlobalSection
	GlobalSection(ExtensibilityGlobals) = postSolution
		SolutionGuid = {88EC2C1E-CC5E-4CE8-8F59-A31BD6765D46}
	EndGlobalSection
EndGlobal
